
Microsoft Visual Studio Solution File, Format Version 12.00
# Visual Studio Version 16
VisualStudioVersion = 16.0.30330.147
MinimumVisualStudioVersion = 10.0.40219.1
Project("{9A19103F-16F7-4668-BE54-9A1E7A4F7556}") = "ToDo.Domain", "ToDo.Domain\ToDo.Domain.csproj", "{D004B2A4-0F1B-48D9-A26E-691214E0BB40}"
EndProject
Project("{9A19103F-16F7-4668-BE54-9A1E7A4F7556}") = "ToDo.Infra.Data", "..\ToDo.Infra.Data\ToDo.Infra.Data.csproj", "{E8BD9CA5-0108-4420-A8B8-BBBA515F9914}"
EndProject
Project("{9A19103F-16F7-4668-BE54-9A1E7A4F7556}") = "ToDo.Application", "..\ToDo.Application\ToDo.Application.csproj", "{372F74A4-36D1-40DB-B420-F96D79DF35ED}"
EndProject
Project("{9A19103F-16F7-4668-BE54-9A1E7A4F7556}") = "ToDo.Infra.CrossCutting", "..\ToDo.Infra.CrossCutting\ToDo.Infra.CrossCutting.csproj", "{EE0A402F-407F-481D-BF1C-C2E2CA9E5E6B}"
EndProject
Project("{9A19103F-16F7-4668-BE54-9A1E7A4F7556}") = "ToDo.Infra.Shared", "..\ToDo.Infra.Shared\ToDo.Infra.Shared.csproj", "{F1344058-FE9B-4F6A-A811-248DA81C09A6}"
EndProject
Project("{9A19103F-16F7-4668-BE54-9A1E7A4F7556}") = "ToDo.Service", "..\ToDo.Service\ToDo.Service.csproj", "{918A4FA8-E8B2-4588-BF32-D336F4F1CD1E}"
EndProject
Project("{2150E333-8FDC-42A3-9474-1A3956D46DE8}") = "src", "src", "{210DFA05-6D4F-4940-B362-6D51CB40AD4B}"
EndProject
Project("{2150E333-8FDC-42A3-9474-1A3956D46DE8}") = "test", "test", "{8333C0F6-203A-4FBB-AC4D-C479E5AA3A7F}"
EndProject
Project("{FAE04EC0-301F-11D3-BF4B-00C04F79EFBC}") = "Todo.Service.Test", "..\Todo.Service.Test\Todo.Service.Test.csproj", "{D9B0AD5C-D3E2-436F-B17C-D27339935C0B}"
EndProject
Global
	GlobalSection(SolutionConfigurationPlatforms) = preSolution
		Debug|Any CPU = Debug|Any CPU
		Release|Any CPU = Release|Any CPU
	EndGlobalSection
	GlobalSection(ProjectConfigurationPlatforms) = postSolution
		{D004B2A4-0F1B-48D9-A26E-691214E0BB40}.Debug|Any CPU.ActiveCfg = Debug|Any CPU
		{D004B2A4-0F1B-48D9-A26E-691214E0BB40}.Debug|Any CPU.Build.0 = Debug|Any CPU
		{D004B2A4-0F1B-48D9-A26E-691214E0BB40}.Release|Any CPU.ActiveCfg = Release|Any CPU
		{D004B2A4-0F1B-48D9-A26E-691214E0BB40}.Release|Any CPU.Build.0 = Release|Any CPU
		{E8BD9CA5-0108-4420-A8B8-BBBA515F9914}.Debug|Any CPU.ActiveCfg = Debug|Any CPU
		{E8BD9CA5-0108-4420-A8B8-BBBA515F9914}.Debug|Any CPU.Build.0 = Debug|Any CPU
		{E8BD9CA5-0108-4420-A8B8-BBBA515F9914}.Release|Any CPU.ActiveCfg = Release|Any CPU
		{E8BD9CA5-0108-4420-A8B8-BBBA515F9914}.Release|Any CPU.Build.0 = Release|Any CPU
		{372F74A4-36D1-40DB-B420-F96D79DF35ED}.Debug|Any CPU.ActiveCfg = Debug|Any CPU
		{372F74A4-36D1-40DB-B420-F96D79DF35ED}.Debug|Any CPU.Build.0 = Debug|Any CPU
		{372F74A4-36D1-40DB-B420-F96D79DF35ED}.Release|Any CPU.ActiveCfg = Release|Any CPU
		{372F74A4-36D1-40DB-B420-F96D79DF35ED}.Release|Any CPU.Build.0 = Release|Any CPU
		{EE0A402F-407F-481D-BF1C-C2E2CA9E5E6B}.Debug|Any CPU.ActiveCfg = Debug|Any CPU
		{EE0A402F-407F-481D-BF1C-C2E2CA9E5E6B}.Debug|Any CPU.Build.0 = Debug|Any CPU
		{EE0A402F-407F-481D-BF1C-C2E2CA9E5E6B}.Release|Any CPU.ActiveCfg = Release|Any CPU
		{EE0A402F-407F-481D-BF1C-C2E2CA9E5E6B}.Release|Any CPU.Build.0 = Release|Any CPU
		{F1344058-FE9B-4F6A-A811-248DA81C09A6}.Debug|Any CPU.ActiveCfg = Debug|Any CPU
		{F1344058-FE9B-4F6A-A811-248DA81C09A6}.Debug|Any CPU.Build.0 = Debug|Any CPU
		{F1344058-FE9B-4F6A-A811-248DA81C09A6}.Release|Any CPU.ActiveCfg = Release|Any CPU
		{F1344058-FE9B-4F6A-A811-248DA81C09A6}.Release|Any CPU.Build.0 = Release|Any CPU
		{918A4FA8-E8B2-4588-BF32-D336F4F1CD1E}.Debug|Any CPU.ActiveCfg = Debug|Any CPU
		{918A4FA8-E8B2-4588-BF32-D336F4F1CD1E}.Debug|Any CPU.Build.0 = Debug|Any CPU
		{918A4FA8-E8B2-4588-BF32-D336F4F1CD1E}.Release|Any CPU.ActiveCfg = Release|Any CPU
		{918A4FA8-E8B2-4588-BF32-D336F4F1CD1E}.Release|Any CPU.Build.0 = Release|Any CPU
		{D9B0AD5C-D3E2-436F-B17C-D27339935C0B}.Debug|Any CPU.ActiveCfg = Debug|Any CPU
		{D9B0AD5C-D3E2-436F-B17C-D27339935C0B}.Debug|Any CPU.Build.0 = Debug|Any CPU
		{D9B0AD5C-D3E2-436F-B17C-D27339935C0B}.Release|Any CPU.ActiveCfg = Release|Any CPU
		{D9B0AD5C-D3E2-436F-B17C-D27339935C0B}.Release|Any CPU.Build.0 = Release|Any CPU
	EndGlobalSection
	GlobalSection(SolutionProperties) = preSolution
		HideSolutionNode = FALSE
	EndGlobalSection
	GlobalSection(NestedProjects) = preSolution
		{D004B2A4-0F1B-48D9-A26E-691214E0BB40} = {210DFA05-6D4F-4940-B362-6D51CB40AD4B}
		{E8BD9CA5-0108-4420-A8B8-BBBA515F9914} = {210DFA05-6D4F-4940-B362-6D51CB40AD4B}
		{372F74A4-36D1-40DB-B420-F96D79DF35ED} = {210DFA05-6D4F-4940-B362-6D51CB40AD4B}
		{EE0A402F-407F-481D-BF1C-C2E2CA9E5E6B} = {210DFA05-6D4F-4940-B362-6D51CB40AD4B}
		{F1344058-FE9B-4F6A-A811-248DA81C09A6} = {210DFA05-6D4F-4940-B362-6D51CB40AD4B}
		{918A4FA8-E8B2-4588-BF32-D336F4F1CD1E} = {210DFA05-6D4F-4940-B362-6D51CB40AD4B}
		{D9B0AD5C-D3E2-436F-B17C-D27339935C0B} = {8333C0F6-203A-4FBB-AC4D-C479E5AA3A7F}
	EndGlobalSection
	GlobalSection(ExtensibilityGlobals) = postSolution
		SolutionGuid = {745C293A-2473-4A00-A825-20F2B0F8E4AB}
	EndGlobalSection
EndGlobal
